
Microsoft Visual Studio Solution File, Format Version 12.00
# Visual Studio Version 17
VisualStudioVersion = 17.3.32811.315
MinimumVisualStudioVersion = 10.0.40219.1
Project("{FAE04EC0-301F-11D3-BF4B-00C04F79EFBC}") = "NavigationNetMedical", "NavigationNetMedical\NavigationNetMedical.csproj", "{FC4253C8-9433-4F93-AA13-C0D0E36F481B}"
EndProject
Global
	GlobalSection(SolutionConfigurationPlatforms) = preSolution
		Debug|Any CPU = Debug|Any CPU
		Release|Any CPU = Release|Any CPU
	EndGlobalSection
	GlobalSection(ProjectConfigurationPlatforms) = postSolution
		{FC4253C8-9433-4F93-AA13-C0D0E36F481B}.Debug|Any CPU.ActiveCfg = Debug|Any CPU
		{FC4253C8-9433-4F93-AA13-C0D0E36F481B}.Debug|Any CPU.Build.0 = Debug|Any CPU
		{FC4253C8-9433-4F93-AA13-C0D0E36F481B}.Release|Any CPU.ActiveCfg = Release|Any CPU
		{FC4253C8-9433-4F93-AA13-C0D0E36F481B}.Release|Any CPU.Build.0 = Release|Any CPU
	EndGlobalSection
	GlobalSection(SolutionProperties) = preSolution
		HideSolutionNode = FALSE
	EndGlobalSection
	GlobalSection(ExtensibilityGlobals) = postSolution
		SolutionGuid = {FC96D26E-802F-46B8-87ED-9EB5BE3FDDA0}
	EndGlobalSection
EndGlobal
